// !$*UTF8*$!
{
	archiveVersion = 1;
	classes = {
	};
	objectVersion = 52;
	objects = {

/* Begin PBXBuildFile section */
		4206BAA5234E22F600044421 /* LoginViewController.swift in Sources */ = {isa = PBXBuildFile; fileRef = 4206BAA4234E22F600044421 /* LoginViewController.swift */; };
		4206BAA7234E269300044421 /* HomeViewController.swift in Sources */ = {isa = PBXBuildFile; fileRef = 4206BAA6234E269300044421 /* HomeViewController.swift */; };
		426A19272350BADD00C10D5A /* LoginWithCheckboxViewController.swift in Sources */ = {isa = PBXBuildFile; fileRef = 426A19262350BADD00C10D5A /* LoginWithCheckboxViewController.swift */; };
		42751D73234E14AC00D20668 /* StartViewController.swift in Sources */ = {isa = PBXBuildFile; fileRef = 42751D72234E14AC00D20668 /* StartViewController.swift */; };
		42D2336823E9F7C400BD0AE4 /* SignUpProgrammaticallyViewController.swift in Sources */ = {isa = PBXBuildFile; fileRef = 42D2336723E9F7C400BD0AE4 /* SignUpProgrammaticallyViewController.swift */; };
		42DE69082728FFF2003F3DB8 /* PactSafe in Frameworks */ = {isa = PBXBuildFile; productRef = 42DE69072728FFF2003F3DB8 /* PactSafe */; };
		42DE690A27290040003F3DB8 /* GoogleService-Info.plist in Resources */ = {isa = PBXBuildFile; fileRef = 42DE690927290040003F3DB8 /* GoogleService-Info.plist */; };
		42DE690C27290229003F3DB8 /* PactSafe-Configuration.plist in Resources */ = {isa = PBXBuildFile; fileRef = 42DE690B27290229003F3DB8 /* PactSafe-Configuration.plist */; };
		42DE690F2729036F003F3DB8 /* FirebaseAuth in Frameworks */ = {isa = PBXBuildFile; productRef = 42DE690E2729036F003F3DB8 /* FirebaseAuth */; };
		42E65E8A233D0B5A00B41888 /* AppDelegate.swift in Sources */ = {isa = PBXBuildFile; fileRef = 42E65E89233D0B5A00B41888 /* AppDelegate.swift */; };
		42E65E8C233D0B5A00B41888 /* SceneDelegate.swift in Sources */ = {isa = PBXBuildFile; fileRef = 42E65E8B233D0B5A00B41888 /* SceneDelegate.swift */; };
		42E65E8E233D0B5A00B41888 /* SignUpViewController.swift in Sources */ = {isa = PBXBuildFile; fileRef = 42E65E8D233D0B5A00B41888 /* SignUpViewController.swift */; };
		42E65E91233D0B5A00B41888 /* Main.storyboard in Resources */ = {isa = PBXBuildFile; fileRef = 42E65E8F233D0B5A00B41888 /* Main.storyboard */; };
		42E65E93233D0B5D00B41888 /* Assets.xcassets in Resources */ = {isa = PBXBuildFile; fileRef = 42E65E92233D0B5D00B41888 /* Assets.xcassets */; };
		42E65E96233D0B5D00B41888 /* LaunchScreen.storyboard in Resources */ = {isa = PBXBuildFile; fileRef = 42E65E94233D0B5D00B41888 /* LaunchScreen.storyboard */; };
		42E65EA1233D0B5D00B41888 /* PactSafe_iOS_DemoTests.swift in Sources */ = {isa = PBXBuildFile; fileRef = 42E65EA0233D0B5D00B41888 /* PactSafe_iOS_DemoTests.swift */; };
		42E65EAC233D0B5D00B41888 /* PactSafe_iOS_DemoUITests.swift in Sources */ = {isa = PBXBuildFile; fileRef = 42E65EAB233D0B5D00B41888 /* PactSafe_iOS_DemoUITests.swift */; };
		42E65EBC233D0B8000B41888 /* PactSafe in Frameworks */ = {isa = PBXBuildFile; productRef = 42E65EBB233D0B8000B41888 /* PactSafe */; };
/* End PBXBuildFile section */

/* Begin PBXContainerItemProxy section */
		42E65E9D233D0B5D00B41888 /* PBXContainerItemProxy */ = {
			isa = PBXContainerItemProxy;
			containerPortal = 42E65E7E233D0B5A00B41888 /* Project object */;
			proxyType = 1;
			remoteGlobalIDString = 42E65E85233D0B5A00B41888;
			remoteInfo = "PactSafe iOS Demo";
		};
		42E65EA8233D0B5D00B41888 /* PBXContainerItemProxy */ = {
			isa = PBXContainerItemProxy;
			containerPortal = 42E65E7E233D0B5A00B41888 /* Project object */;
			proxyType = 1;
			remoteGlobalIDString = 42E65E85233D0B5A00B41888;
			remoteInfo = "PactSafe iOS Demo";
		};
/* End PBXContainerItemProxy section */

/* Begin PBXFileReference section */
		4206BAA4234E22F600044421 /* LoginViewController.swift */ = {isa = PBXFileReference; lastKnownFileType = sourcecode.swift; path = LoginViewController.swift; sourceTree = "<group>"; };
		4206BAA6234E269300044421 /* HomeViewController.swift */ = {isa = PBXFileReference; lastKnownFileType = sourcecode.swift; path = HomeViewController.swift; sourceTree = "<group>"; };
		426A19262350BADD00C10D5A /* LoginWithCheckboxViewController.swift */ = {isa = PBXFileReference; lastKnownFileType = sourcecode.swift; path = LoginWithCheckboxViewController.swift; sourceTree = "<group>"; };
		42751D72234E14AC00D20668 /* StartViewController.swift */ = {isa = PBXFileReference; lastKnownFileType = sourcecode.swift; path = StartViewController.swift; sourceTree = "<group>"; };
		42D2336723E9F7C400BD0AE4 /* SignUpProgrammaticallyViewController.swift */ = {isa = PBXFileReference; lastKnownFileType = sourcecode.swift; path = SignUpProgrammaticallyViewController.swift; sourceTree = "<group>"; };
		42DE690927290040003F3DB8 /* GoogleService-Info.plist */ = {isa = PBXFileReference; lastKnownFileType = text.plist; path = "GoogleService-Info.plist"; sourceTree = SOURCE_ROOT; };
		42DE690B27290229003F3DB8 /* PactSafe-Configuration.plist */ = {isa = PBXFileReference; fileEncoding = 4; lastKnownFileType = text.plist.xml; path = "PactSafe-Configuration.plist"; sourceTree = "<group>"; };
		42E65E86233D0B5A00B41888 /* PactSafe iOS Demo.app */ = {isa = PBXFileReference; explicitFileType = wrapper.application; includeInIndex = 0; path = "PactSafe iOS Demo.app"; sourceTree = BUILT_PRODUCTS_DIR; };
		42E65E89233D0B5A00B41888 /* AppDelegate.swift */ = {isa = PBXFileReference; lastKnownFileType = sourcecode.swift; path = AppDelegate.swift; sourceTree = "<group>"; };
		42E65E8B233D0B5A00B41888 /* SceneDelegate.swift */ = {isa = PBXFileReference; lastKnownFileType = sourcecode.swift; path = SceneDelegate.swift; sourceTree = "<group>"; };
		42E65E8D233D0B5A00B41888 /* SignUpViewController.swift */ = {isa = PBXFileReference; lastKnownFileType = sourcecode.swift; path = SignUpViewController.swift; sourceTree = "<group>"; };
		42E65E90233D0B5A00B41888 /* Base */ = {isa = PBXFileReference; lastKnownFileType = file.storyboard; name = Base; path = Base.lproj/Main.storyboard; sourceTree = "<group>"; };
		42E65E92233D0B5D00B41888 /* Assets.xcassets */ = {isa = PBXFileReference; lastKnownFileType = folder.assetcatalog; path = Assets.xcassets; sourceTree = "<group>"; };
		42E65E95233D0B5D00B41888 /* Base */ = {isa = PBXFileReference; lastKnownFileType = file.storyboard; name = Base; path = Base.lproj/LaunchScreen.storyboard; sourceTree = "<group>"; };
		42E65E97233D0B5D00B41888 /* Info.plist */ = {isa = PBXFileReference; lastKnownFileType = text.plist.xml; path = Info.plist; sourceTree = "<group>"; };
		42E65E9C233D0B5D00B41888 /* PactSafe iOS DemoTests.xctest */ = {isa = PBXFileReference; explicitFileType = wrapper.cfbundle; includeInIndex = 0; path = "PactSafe iOS DemoTests.xctest"; sourceTree = BUILT_PRODUCTS_DIR; };
		42E65EA0233D0B5D00B41888 /* PactSafe_iOS_DemoTests.swift */ = {isa = PBXFileReference; lastKnownFileType = sourcecode.swift; path = PactSafe_iOS_DemoTests.swift; sourceTree = "<group>"; };
		42E65EA2233D0B5D00B41888 /* Info.plist */ = {isa = PBXFileReference; lastKnownFileType = text.plist.xml; path = Info.plist; sourceTree = "<group>"; };
		42E65EA7233D0B5D00B41888 /* PactSafe iOS DemoUITests.xctest */ = {isa = PBXFileReference; explicitFileType = wrapper.cfbundle; includeInIndex = 0; path = "PactSafe iOS DemoUITests.xctest"; sourceTree = BUILT_PRODUCTS_DIR; };
		42E65EAB233D0B5D00B41888 /* PactSafe_iOS_DemoUITests.swift */ = {isa = PBXFileReference; lastKnownFileType = sourcecode.swift; path = PactSafe_iOS_DemoUITests.swift; sourceTree = "<group>"; };
		42E65EAD233D0B5D00B41888 /* Info.plist */ = {isa = PBXFileReference; lastKnownFileType = text.plist.xml; path = Info.plist; sourceTree = "<group>"; };
/* End PBXFileReference section */

/* Begin PBXFrameworksBuildPhase section */
		42E65E83233D0B5A00B41888 /* Frameworks */ = {
			isa = PBXFrameworksBuildPhase;
			buildActionMask = 2147483647;
			files = (
				42E65EBC233D0B8000B41888 /* PactSafe in Frameworks */,
				42DE690F2729036F003F3DB8 /* FirebaseAuth in Frameworks */,
				42DE69082728FFF2003F3DB8 /* PactSafe in Frameworks */,
			);
			runOnlyForDeploymentPostprocessing = 0;
		};
		42E65E99233D0B5D00B41888 /* Frameworks */ = {
			isa = PBXFrameworksBuildPhase;
			buildActionMask = 2147483647;
			files = (
			);
			runOnlyForDeploymentPostprocessing = 0;
		};
		42E65EA4233D0B5D00B41888 /* Frameworks */ = {
			isa = PBXFrameworksBuildPhase;
			buildActionMask = 2147483647;
			files = (
			);
			runOnlyForDeploymentPostprocessing = 0;
		};
/* End PBXFrameworksBuildPhase section */

/* Begin PBXGroup section */
		429A33C62358AA73007D7F99 /* Controllers */ = {
			isa = PBXGroup;
			children = (
				4206BAA6234E269300044421 /* HomeViewController.swift */,
				426A19262350BADD00C10D5A /* LoginWithCheckboxViewController.swift */,
				4206BAA4234E22F600044421 /* LoginViewController.swift */,
				42E65E8D233D0B5A00B41888 /* SignUpViewController.swift */,
				42D2336723E9F7C400BD0AE4 /* SignUpProgrammaticallyViewController.swift */,
				42751D72234E14AC00D20668 /* StartViewController.swift */,
			);
			path = Controllers;
			sourceTree = "<group>";
		};
		42E65E7D233D0B5A00B41888 = {
			isa = PBXGroup;
			children = (
				42E65E88233D0B5A00B41888 /* PactSafe iOS Demo */,
				42E65E9F233D0B5D00B41888 /* PactSafe iOS DemoTests */,
				42E65EAA233D0B5D00B41888 /* PactSafe iOS DemoUITests */,
				42E65E87233D0B5A00B41888 /* Products */,
			);
			sourceTree = "<group>";
		};
		42E65E87233D0B5A00B41888 /* Products */ = {
			isa = PBXGroup;
			children = (
				42E65E86233D0B5A00B41888 /* PactSafe iOS Demo.app */,
				42E65E9C233D0B5D00B41888 /* PactSafe iOS DemoTests.xctest */,
				42E65EA7233D0B5D00B41888 /* PactSafe iOS DemoUITests.xctest */,
			);
			name = Products;
			sourceTree = "<group>";
		};
		42E65E88233D0B5A00B41888 /* PactSafe iOS Demo */ = {
			isa = PBXGroup;
			children = (
				42E65E89233D0B5A00B41888 /* AppDelegate.swift */,
				42E65E8B233D0B5A00B41888 /* SceneDelegate.swift */,
				429A33C62358AA73007D7F99 /* Controllers */,
				42E65E8F233D0B5A00B41888 /* Main.storyboard */,
				42E65E92233D0B5D00B41888 /* Assets.xcassets */,
				42E65E94233D0B5D00B41888 /* LaunchScreen.storyboard */,
				42E65E97233D0B5D00B41888 /* Info.plist */,
				42DE690927290040003F3DB8 /* GoogleService-Info.plist */,
				42DE690B27290229003F3DB8 /* PactSafe-Configuration.plist */,
			);
			path = "PactSafe iOS Demo";
			sourceTree = "<group>";
		};
		42E65E9F233D0B5D00B41888 /* PactSafe iOS DemoTests */ = {
			isa = PBXGroup;
			children = (
				42E65EA0233D0B5D00B41888 /* PactSafe_iOS_DemoTests.swift */,
				42E65EA2233D0B5D00B41888 /* Info.plist */,
			);
			path = "PactSafe iOS DemoTests";
			sourceTree = "<group>";
		};
		42E65EAA233D0B5D00B41888 /* PactSafe iOS DemoUITests */ = {
			isa = PBXGroup;
			children = (
				42E65EAB233D0B5D00B41888 /* PactSafe_iOS_DemoUITests.swift */,
				42E65EAD233D0B5D00B41888 /* Info.plist */,
			);
			path = "PactSafe iOS DemoUITests";
			sourceTree = "<group>";
		};
/* End PBXGroup section */

/* Begin PBXNativeTarget section */
		42E65E85233D0B5A00B41888 /* PactSafe iOS Demo */ = {
			isa = PBXNativeTarget;
			buildConfigurationList = 42E65EB0233D0B5D00B41888 /* Build configuration list for PBXNativeTarget "PactSafe iOS Demo" */;
			buildPhases = (
				42E65E82233D0B5A00B41888 /* Sources */,
				42E65E83233D0B5A00B41888 /* Frameworks */,
				42E65E84233D0B5A00B41888 /* Resources */,
			);
			buildRules = (
			);
			dependencies = (
			);
			name = "PactSafe iOS Demo";
			packageProductDependencies = (
				42E65EBB233D0B8000B41888 /* PactSafe */,
				42DE69072728FFF2003F3DB8 /* PactSafe */,
				42DE690E2729036F003F3DB8 /* FirebaseAuth */,
			);
			productName = "PactSafe iOS Demo";
			productReference = 42E65E86233D0B5A00B41888 /* PactSafe iOS Demo.app */;
			productType = "com.apple.product-type.application";
		};
		42E65E9B233D0B5D00B41888 /* PactSafe iOS DemoTests */ = {
			isa = PBXNativeTarget;
			buildConfigurationList = 42E65EB3233D0B5D00B41888 /* Build configuration list for PBXNativeTarget "PactSafe iOS DemoTests" */;
			buildPhases = (
				42E65E98233D0B5D00B41888 /* Sources */,
				42E65E99233D0B5D00B41888 /* Frameworks */,
				42E65E9A233D0B5D00B41888 /* Resources */,
			);
			buildRules = (
			);
			dependencies = (
				42E65E9E233D0B5D00B41888 /* PBXTargetDependency */,
			);
			name = "PactSafe iOS DemoTests";
			productName = "PactSafe iOS DemoTests";
			productReference = 42E65E9C233D0B5D00B41888 /* PactSafe iOS DemoTests.xctest */;
			productType = "com.apple.product-type.bundle.unit-test";
		};
		42E65EA6233D0B5D00B41888 /* PactSafe iOS DemoUITests */ = {
			isa = PBXNativeTarget;
			buildConfigurationList = 42E65EB6233D0B5D00B41888 /* Build configuration list for PBXNativeTarget "PactSafe iOS DemoUITests" */;
			buildPhases = (
				42E65EA3233D0B5D00B41888 /* Sources */,
				42E65EA4233D0B5D00B41888 /* Frameworks */,
				42E65EA5233D0B5D00B41888 /* Resources */,
			);
			buildRules = (
			);
			dependencies = (
				42E65EA9233D0B5D00B41888 /* PBXTargetDependency */,
			);
			name = "PactSafe iOS DemoUITests";
			productName = "PactSafe iOS DemoUITests";
			productReference = 42E65EA7233D0B5D00B41888 /* PactSafe iOS DemoUITests.xctest */;
			productType = "com.apple.product-type.bundle.ui-testing";
		};
/* End PBXNativeTarget section */

/* Begin PBXProject section */
		42E65E7E233D0B5A00B41888 /* Project object */ = {
			isa = PBXProject;
			attributes = {
				LastSwiftUpdateCheck = 1100;
				LastUpgradeCheck = 1100;
				ORGANIZATIONNAME = "Tim Morse ";
				TargetAttributes = {
					42E65E85233D0B5A00B41888 = {
						CreatedOnToolsVersion = 11.0;
					};
					42E65E9B233D0B5D00B41888 = {
						CreatedOnToolsVersion = 11.0;
						TestTargetID = 42E65E85233D0B5A00B41888;
					};
					42E65EA6233D0B5D00B41888 = {
						CreatedOnToolsVersion = 11.0;
						TestTargetID = 42E65E85233D0B5A00B41888;
					};
				};
			};
			buildConfigurationList = 42E65E81233D0B5A00B41888 /* Build configuration list for PBXProject "PactSafe iOS Demo" */;
			compatibilityVersion = "Xcode 9.3";
			developmentRegion = en;
			hasScannedForEncodings = 0;
			knownRegions = (
				en,
				Base,
			);
			mainGroup = 42E65E7D233D0B5A00B41888;
			packageReferences = (
				42DE69062728FFF2003F3DB8 /* XCRemoteSwiftPackageReference "pactsafe-ios-sdk" */,
				42DE690D2729036F003F3DB8 /* XCRemoteSwiftPackageReference "firebase-ios-sdk" */,
			);
			productRefGroup = 42E65E87233D0B5A00B41888 /* Products */;
			projectDirPath = "";
			projectRoot = "";
			targets = (
				42E65E85233D0B5A00B41888 /* PactSafe iOS Demo */,
				42E65E9B233D0B5D00B41888 /* PactSafe iOS DemoTests */,
				42E65EA6233D0B5D00B41888 /* PactSafe iOS DemoUITests */,
			);
		};
/* End PBXProject section */

/* Begin PBXResourcesBuildPhase section */
		42E65E84233D0B5A00B41888 /* Resources */ = {
			isa = PBXResourcesBuildPhase;
			buildActionMask = 2147483647;
			files = (
				42DE690C27290229003F3DB8 /* PactSafe-Configuration.plist in Resources */,
				42E65E96233D0B5D00B41888 /* LaunchScreen.storyboard in Resources */,
				42DE690A27290040003F3DB8 /* GoogleService-Info.plist in Resources */,
				42E65E93233D0B5D00B41888 /* Assets.xcassets in Resources */,
				42E65E91233D0B5A00B41888 /* Main.storyboard in Resources */,
			);
			runOnlyForDeploymentPostprocessing = 0;
		};
		42E65E9A233D0B5D00B41888 /* Resources */ = {
			isa = PBXResourcesBuildPhase;
			buildActionMask = 2147483647;
			files = (
			);
			runOnlyForDeploymentPostprocessing = 0;
		};
		42E65EA5233D0B5D00B41888 /* Resources */ = {
			isa = PBXResourcesBuildPhase;
			buildActionMask = 2147483647;
			files = (
			);
			runOnlyForDeploymentPostprocessing = 0;
		};
/* End PBXResourcesBuildPhase section */

/* Begin PBXSourcesBuildPhase section */
		42E65E82233D0B5A00B41888 /* Sources */ = {
			isa = PBXSourcesBuildPhase;
			buildActionMask = 2147483647;
			files = (
				426A19272350BADD00C10D5A /* LoginWithCheckboxViewController.swift in Sources */,
				42E65E8E233D0B5A00B41888 /* SignUpViewController.swift in Sources */,
				42D2336823E9F7C400BD0AE4 /* SignUpProgrammaticallyViewController.swift in Sources */,
				42751D73234E14AC00D20668 /* StartViewController.swift in Sources */,
				42E65E8A233D0B5A00B41888 /* AppDelegate.swift in Sources */,
				4206BAA5234E22F600044421 /* LoginViewController.swift in Sources */,
				42E65E8C233D0B5A00B41888 /* SceneDelegate.swift in Sources */,
				4206BAA7234E269300044421 /* HomeViewController.swift in Sources */,
			);
			runOnlyForDeploymentPostprocessing = 0;
		};
		42E65E98233D0B5D00B41888 /* Sources */ = {
			isa = PBXSourcesBuildPhase;
			buildActionMask = 2147483647;
			files = (
				42E65EA1233D0B5D00B41888 /* PactSafe_iOS_DemoTests.swift in Sources */,
			);
			runOnlyForDeploymentPostprocessing = 0;
		};
		42E65EA3233D0B5D00B41888 /* Sources */ = {
			isa = PBXSourcesBuildPhase;
			buildActionMask = 2147483647;
			files = (
				42E65EAC233D0B5D00B41888 /* PactSafe_iOS_DemoUITests.swift in Sources */,
			);
			runOnlyForDeploymentPostprocessing = 0;
		};
/* End PBXSourcesBuildPhase section */

/* Begin PBXTargetDependency section */
		42E65E9E233D0B5D00B41888 /* PBXTargetDependency */ = {
			isa = PBXTargetDependency;
			target = 42E65E85233D0B5A00B41888 /* PactSafe iOS Demo */;
			targetProxy = 42E65E9D233D0B5D00B41888 /* PBXContainerItemProxy */;
		};
		42E65EA9233D0B5D00B41888 /* PBXTargetDependency */ = {
			isa = PBXTargetDependency;
			target = 42E65E85233D0B5A00B41888 /* PactSafe iOS Demo */;
			targetProxy = 42E65EA8233D0B5D00B41888 /* PBXContainerItemProxy */;
		};
/* End PBXTargetDependency section */

/* Begin PBXVariantGroup section */
		42E65E8F233D0B5A00B41888 /* Main.storyboard */ = {
			isa = PBXVariantGroup;
			children = (
				42E65E90233D0B5A00B41888 /* Base */,
			);
			name = Main.storyboard;
			sourceTree = "<group>";
		};
		42E65E94233D0B5D00B41888 /* LaunchScreen.storyboard */ = {
			isa = PBXVariantGroup;
			children = (
				42E65E95233D0B5D00B41888 /* Base */,
			);
			name = LaunchScreen.storyboard;
			sourceTree = "<group>";
		};
/* End PBXVariantGroup section */

/* Begin XCBuildConfiguration section */
		42E65EAE233D0B5D00B41888 /* Debug */ = {
			isa = XCBuildConfiguration;
			buildSettings = {
				ALWAYS_SEARCH_USER_PATHS = NO;
				CLANG_ANALYZER_NONNULL = YES;
				CLANG_ANALYZER_NUMBER_OBJECT_CONVERSION = YES_AGGRESSIVE;
				CLANG_CXX_LANGUAGE_STANDARD = "gnu++14";
				CLANG_CXX_LIBRARY = "libc++";
				CLANG_ENABLE_MODULES = YES;
				CLANG_ENABLE_OBJC_ARC = YES;
				CLANG_ENABLE_OBJC_WEAK = YES;
				CLANG_WARN_BLOCK_CAPTURE_AUTORELEASING = YES;
				CLANG_WARN_BOOL_CONVERSION = YES;
				CLANG_WARN_COMMA = YES;
				CLANG_WARN_CONSTANT_CONVERSION = YES;
				CLANG_WARN_DEPRECATED_OBJC_IMPLEMENTATIONS = YES;
				CLANG_WARN_DIRECT_OBJC_ISA_USAGE = YES_ERROR;
				CLANG_WARN_DOCUMENTATION_COMMENTS = YES;
				CLANG_WARN_EMPTY_BODY = YES;
				CLANG_WARN_ENUM_CONVERSION = YES;
				CLANG_WARN_INFINITE_RECURSION = YES;
				CLANG_WARN_INT_CONVERSION = YES;
				CLANG_WARN_NON_LITERAL_NULL_CONVERSION = YES;
				CLANG_WARN_OBJC_IMPLICIT_RETAIN_SELF = YES;
				CLANG_WARN_OBJC_LITERAL_CONVERSION = YES;
				CLANG_WARN_OBJC_ROOT_CLASS = YES_ERROR;
				CLANG_WARN_RANGE_LOOP_ANALYSIS = YES;
				CLANG_WARN_STRICT_PROTOTYPES = YES;
				CLANG_WARN_SUSPICIOUS_MOVE = YES;
				CLANG_WARN_UNGUARDED_AVAILABILITY = YES_AGGRESSIVE;
				CLANG_WARN_UNREACHABLE_CODE = YES;
				CLANG_WARN__DUPLICATE_METHOD_MATCH = YES;
				COPY_PHASE_STRIP = NO;
				DEBUG_INFORMATION_FORMAT = dwarf;
				ENABLE_STRICT_OBJC_MSGSEND = YES;
				ENABLE_TESTABILITY = YES;
				GCC_C_LANGUAGE_STANDARD = gnu11;
				GCC_DYNAMIC_NO_PIC = NO;
				GCC_NO_COMMON_BLOCKS = YES;
				GCC_OPTIMIZATION_LEVEL = 0;
				GCC_PREPROCESSOR_DEFINITIONS = (
					"DEBUG=1",
					"$(inherited)",
				);
				GCC_WARN_64_TO_32_BIT_CONVERSION = YES;
				GCC_WARN_ABOUT_RETURN_TYPE = YES_ERROR;
				GCC_WARN_UNDECLARED_SELECTOR = YES;
				GCC_WARN_UNINITIALIZED_AUTOS = YES_AGGRESSIVE;
				GCC_WARN_UNUSED_FUNCTION = YES;
				GCC_WARN_UNUSED_VARIABLE = YES;
				IPHONEOS_DEPLOYMENT_TARGET = 13.0;
				MTL_ENABLE_DEBUG_INFO = INCLUDE_SOURCE;
				MTL_FAST_MATH = YES;
				ONLY_ACTIVE_ARCH = YES;
				SDKROOT = iphoneos;
				SWIFT_ACTIVE_COMPILATION_CONDITIONS = DEBUG;
				SWIFT_OPTIMIZATION_LEVEL = "-O";
			};
			name = Debug;
		};
		42E65EAF233D0B5D00B41888 /* Release */ = {
			isa = XCBuildConfiguration;
			buildSettings = {
				ALWAYS_SEARCH_USER_PATHS = NO;
				CLANG_ANALYZER_NONNULL = YES;
				CLANG_ANALYZER_NUMBER_OBJECT_CONVERSION = YES_AGGRESSIVE;
				CLANG_CXX_LANGUAGE_STANDARD = "gnu++14";
				CLANG_CXX_LIBRARY = "libc++";
				CLANG_ENABLE_MODULES = YES;
				CLANG_ENABLE_OBJC_ARC = YES;
				CLANG_ENABLE_OBJC_WEAK = YES;
				CLANG_WARN_BLOCK_CAPTURE_AUTORELEASING = YES;
				CLANG_WARN_BOOL_CONVERSION = YES;
				CLANG_WARN_COMMA = YES;
				CLANG_WARN_CONSTANT_CONVERSION = YES;
				CLANG_WARN_DEPRECATED_OBJC_IMPLEMENTATIONS = YES;
				CLANG_WARN_DIRECT_OBJC_ISA_USAGE = YES_ERROR;
				CLANG_WARN_DOCUMENTATION_COMMENTS = YES;
				CLANG_WARN_EMPTY_BODY = YES;
				CLANG_WARN_ENUM_CONVERSION = YES;
				CLANG_WARN_INFINITE_RECURSION = YES;
				CLANG_WARN_INT_CONVERSION = YES;
				CLANG_WARN_NON_LITERAL_NULL_CONVERSION = YES;
				CLANG_WARN_OBJC_IMPLICIT_RETAIN_SELF = YES;
				CLANG_WARN_OBJC_LITERAL_CONVERSION = YES;
				CLANG_WARN_OBJC_ROOT_CLASS = YES_ERROR;
				CLANG_WARN_RANGE_LOOP_ANALYSIS = YES;
				CLANG_WARN_STRICT_PROTOTYPES = YES;
				CLANG_WARN_SUSPICIOUS_MOVE = YES;
				CLANG_WARN_UNGUARDED_AVAILABILITY = YES_AGGRESSIVE;
				CLANG_WARN_UNREACHABLE_CODE = YES;
				CLANG_WARN__DUPLICATE_METHOD_MATCH = YES;
				COPY_PHASE_STRIP = NO;
				DEBUG_INFORMATION_FORMAT = "dwarf-with-dsym";
				ENABLE_NS_ASSERTIONS = NO;
				ENABLE_STRICT_OBJC_MSGSEND = YES;
				GCC_C_LANGUAGE_STANDARD = gnu11;
				GCC_NO_COMMON_BLOCKS = YES;
				GCC_WARN_64_TO_32_BIT_CONVERSION = YES;
				GCC_WARN_ABOUT_RETURN_TYPE = YES_ERROR;
				GCC_WARN_UNDECLARED_SELECTOR = YES;
				GCC_WARN_UNINITIALIZED_AUTOS = YES_AGGRESSIVE;
				GCC_WARN_UNUSED_FUNCTION = YES;
				GCC_WARN_UNUSED_VARIABLE = YES;
				IPHONEOS_DEPLOYMENT_TARGET = 13.0;
				MTL_ENABLE_DEBUG_INFO = NO;
				MTL_FAST_MATH = YES;
				SDKROOT = iphoneos;
				SWIFT_COMPILATION_MODE = wholemodule;
				SWIFT_OPTIMIZATION_LEVEL = "-O";
				VALIDATE_PRODUCT = YES;
			};
			name = Release;
		};
		42E65EB1233D0B5D00B41888 /* Debug */ = {
			isa = XCBuildConfiguration;
			buildSettings = {
				ASSETCATALOG_COMPILER_APPICON_NAME = AppIcon;
				CODE_SIGN_STYLE = Automatic;
				DEVELOPMENT_TEAM = 6EH9VP3TL7;
				INFOPLIST_FILE = "PactSafe iOS Demo/Info.plist";
				IPHONEOS_DEPLOYMENT_TARGET = 14.0;
				LD_RUNPATH_SEARCH_PATHS = (
					"$(inherited)",
					"@executable_path/Frameworks",
				);
				MARKETING_VERSION = 1.01;
				PRODUCT_BUNDLE_IDENTIFIER = "com.pactSafe.PactSafe-iOS-Demo";
				PRODUCT_NAME = "$(TARGET_NAME)";
				SWIFT_VERSION = 5.0;
				TARGETED_DEVICE_FAMILY = "1,2";
			};
			name = Debug;
		};
		42E65EB2233D0B5D00B41888 /* Release */ = {
			isa = XCBuildConfiguration;
			buildSettings = {
				ASSETCATALOG_COMPILER_APPICON_NAME = AppIcon;
				CODE_SIGN_STYLE = Automatic;
				DEVELOPMENT_TEAM = 6EH9VP3TL7;
				INFOPLIST_FILE = "PactSafe iOS Demo/Info.plist";
				IPHONEOS_DEPLOYMENT_TARGET = 14.0;
				LD_RUNPATH_SEARCH_PATHS = (
					"$(inherited)",
					"@executable_path/Frameworks",
				);
				MARKETING_VERSION = 1.01;
				PRODUCT_BUNDLE_IDENTIFIER = "com.pactSafe.PactSafe-iOS-Demo";
				PRODUCT_NAME = "$(TARGET_NAME)";
				SWIFT_VERSION = 5.0;
				TARGETED_DEVICE_FAMILY = "1,2";
			};
			name = Release;
		};
		42E65EB4233D0B5D00B41888 /* Debug */ = {
			isa = XCBuildConfiguration;
			buildSettings = {
				ALWAYS_EMBED_SWIFT_STANDARD_LIBRARIES = YES;
				BUNDLE_LOADER = "$(TEST_HOST)";
				CODE_SIGN_STYLE = Automatic;
				DEVELOPMENT_TEAM = 6EH9VP3TL7;
				INFOPLIST_FILE = "PactSafe iOS DemoTests/Info.plist";
				IPHONEOS_DEPLOYMENT_TARGET = 13.0;
				LD_RUNPATH_SEARCH_PATHS = (
					"$(inherited)",
					"@executable_path/Frameworks",
					"@loader_path/Frameworks",
				);
				PRODUCT_BUNDLE_IDENTIFIER = "PactSafe.PactSafe-iOS-DemoTests";
				PRODUCT_NAME = "$(TARGET_NAME)";
				SWIFT_VERSION = 5.0;
				TARGETED_DEVICE_FAMILY = "1,2";
				TEST_HOST = "$(BUILT_PRODUCTS_DIR)/PactSafe iOS Demo.app/PactSafe iOS Demo";
			};
			name = Debug;
		};
		42E65EB5233D0B5D00B41888 /* Release */ = {
			isa = XCBuildConfiguration;
			buildSettings = {
				ALWAYS_EMBED_SWIFT_STANDARD_LIBRARIES = YES;
				BUNDLE_LOADER = "$(TEST_HOST)";
				CODE_SIGN_STYLE = Automatic;
				DEVELOPMENT_TEAM = 6EH9VP3TL7;
				INFOPLIST_FILE = "PactSafe iOS DemoTests/Info.plist";
				IPHONEOS_DEPLOYMENT_TARGET = 13.0;
				LD_RUNPATH_SEARCH_PATHS = (
					"$(inherited)",
					"@executable_path/Frameworks",
					"@loader_path/Frameworks",
				);
				PRODUCT_BUNDLE_IDENTIFIER = "PactSafe.PactSafe-iOS-DemoTests";
				PRODUCT_NAME = "$(TARGET_NAME)";
				SWIFT_VERSION = 5.0;
				TARGETED_DEVICE_FAMILY = "1,2";
				TEST_HOST = "$(BUILT_PRODUCTS_DIR)/PactSafe iOS Demo.app/PactSafe iOS Demo";
			};
			name = Release;
		};
		42E65EB7233D0B5D00B41888 /* Debug */ = {
			isa = XCBuildConfiguration;
			buildSettings = {
				ALWAYS_EMBED_SWIFT_STANDARD_LIBRARIES = YES;
				CODE_SIGN_STYLE = Automatic;
				DEVELOPMENT_TEAM = 6EH9VP3TL7;
				INFOPLIST_FILE = "PactSafe iOS DemoUITests/Info.plist";
				LD_RUNPATH_SEARCH_PATHS = (
					"$(inherited)",
					"@executable_path/Frameworks",
					"@loader_path/Frameworks",
				);
				PRODUCT_BUNDLE_IDENTIFIER = "PactSafe.PactSafe-iOS-DemoUITests";
				PRODUCT_NAME = "$(TARGET_NAME)";
				SWIFT_VERSION = 5.0;
				TARGETED_DEVICE_FAMILY = "1,2";
				TEST_TARGET_NAME = "PactSafe iOS Demo";
			};
			name = Debug;
		};
		42E65EB8233D0B5D00B41888 /* Release */ = {
			isa = XCBuildConfiguration;
			buildSettings = {
				ALWAYS_EMBED_SWIFT_STANDARD_LIBRARIES = YES;
				CODE_SIGN_STYLE = Automatic;
				DEVELOPMENT_TEAM = 6EH9VP3TL7;
				INFOPLIST_FILE = "PactSafe iOS DemoUITests/Info.plist";
				LD_RUNPATH_SEARCH_PATHS = (
					"$(inherited)",
					"@executable_path/Frameworks",
					"@loader_path/Frameworks",
				);
				PRODUCT_BUNDLE_IDENTIFIER = "PactSafe.PactSafe-iOS-DemoUITests";
				PRODUCT_NAME = "$(TARGET_NAME)";
				SWIFT_VERSION = 5.0;
				TARGETED_DEVICE_FAMILY = "1,2";
				TEST_TARGET_NAME = "PactSafe iOS Demo";
			};
			name = Release;
		};
/* End XCBuildConfiguration section */

/* Begin XCConfigurationList section */
		42E65E81233D0B5A00B41888 /* Build configuration list for PBXProject "PactSafe iOS Demo" */ = {
			isa = XCConfigurationList;
			buildConfigurations = (
				42E65EAE233D0B5D00B41888 /* Debug */,
				42E65EAF233D0B5D00B41888 /* Release */,
			);
			defaultConfigurationIsVisible = 0;
			defaultConfigurationName = Release;
		};
		42E65EB0233D0B5D00B41888 /* Build configuration list for PBXNativeTarget "PactSafe iOS Demo" */ = {
			isa = XCConfigurationList;
			buildConfigurations = (
				42E65EB1233D0B5D00B41888 /* Debug */,
				42E65EB2233D0B5D00B41888 /* Release */,
			);
			defaultConfigurationIsVisible = 0;
			defaultConfigurationName = Release;
		};
		42E65EB3233D0B5D00B41888 /* Build configuration list for PBXNativeTarget "PactSafe iOS DemoTests" */ = {
			isa = XCConfigurationList;
			buildConfigurations = (
				42E65EB4233D0B5D00B41888 /* Debug */,
				42E65EB5233D0B5D00B41888 /* Release */,
			);
			defaultConfigurationIsVisible = 0;
			defaultConfigurationName = Release;
		};
		42E65EB6233D0B5D00B41888 /* Build configuration list for PBXNativeTarget "PactSafe iOS DemoUITests" */ = {
			isa = XCConfigurationList;
			buildConfigurations = (
				42E65EB7233D0B5D00B41888 /* Debug */,
				42E65EB8233D0B5D00B41888 /* Release */,
			);
			defaultConfigurationIsVisible = 0;
			defaultConfigurationName = Release;
		};
/* End XCConfigurationList section */

/* Begin XCRemoteSwiftPackageReference section */
		42DE69062728FFF2003F3DB8 /* XCRemoteSwiftPackageReference "pactsafe-ios-sdk" */ = {
			isa = XCRemoteSwiftPackageReference;
			repositoryURL = "https://github.com/pactsafe/pactsafe-ios-sdk";
			requirement = {
				kind = upToNextMajorVersion;
				minimumVersion = 1.0.0;
			};
		};
		42DE690D2729036F003F3DB8 /* XCRemoteSwiftPackageReference "firebase-ios-sdk" */ = {
			isa = XCRemoteSwiftPackageReference;
			repositoryURL = "https://github.com/firebase/firebase-ios-sdk.git";
			requirement = {
				kind = upToNextMajorVersion;
				minimumVersion = 8.0.0;
			};
		};
/* End XCRemoteSwiftPackageReference section */

/* Begin XCSwiftPackageProductDependency section */
		42DE69072728FFF2003F3DB8 /* PactSafe */ = {
			isa = XCSwiftPackageProductDependency;
			package = 42DE69062728FFF2003F3DB8 /* XCRemoteSwiftPackageReference "pactsafe-ios-sdk" */;
			productName = PactSafe;
		};
		42DE690E2729036F003F3DB8 /* FirebaseAuth */ = {
			isa = XCSwiftPackageProductDependency;
			package = 42DE690D2729036F003F3DB8 /* XCRemoteSwiftPackageReference "firebase-ios-sdk" */;
			productName = FirebaseAuth;
		};
		42E65EBB233D0B8000B41888 /* PactSafe */ = {
			isa = XCSwiftPackageProductDependency;
			productName = PactSafe;
		};
/* End XCSwiftPackageProductDependency section */
	};
	rootObject = 42E65E7E233D0B5A00B41888 /* Project object */;
}
