{
  "object": {
    "pins": [
      {
        "package": "PactSafe",
        "repositoryURL": "https://github.com/pactsafe/pactsafe-ios-sdk",
        "state": {
          "branch": null,
          "revision": "386a987ffd021c4c9572bdfc7c7cfdc9d8719d1f",
          "version": "1.0.1"
        }
      }
    ]
  },
  "version": 1
}
