{
  "pins" : [
    {
      "identity" : "pactsafe-ios-sdk",
      "kind" : "remoteSourceControl",
      "location" : "https://github.com/pactsafe/pactsafe-ios-sdk",
      "state" : {
        "revision" : "386a987ffd021c4c9572bdfc7c7cfdc9d8719d1f",
        "version" : "1.0.1"
      }
    }
  ],
  "version" : 2
}
